{
  "lockfile_version": "1",
  "packages": {
    "buf@latest": {
      "last_modified": "2026-04-02T10:35:47Z",
      "resolved": "github:NixOS/nixpkgs/8d8c1fa5b412c223ffa47410867813290cdedfef#buf",
      "source": "devbox-search",
      "version": "1.67.0",
      "systems": {
        "aarch64-darwin": {
          "outputs": [
            {
              "name": "out",
              "path": "/nix/store/9y4rhpn1q71br1j5rl7cc46bkxxdfr7g-buf-1.67.0",
              "default": true
            }
          ],
          "store_path": "/nix/store/9y4rhpn1q71br1j5rl7cc46bkxxdfr7g-buf-1.67.0"
        },
        "aarch64-linux": {
          "outputs": [
            {
              "name": "out",
              "path": "/nix/store/bwlw77rd0jdaqr4q9iq0y6f46cl80xb5-buf-1.67.0",
              "default": true
            }
          ],
          "store_path": "/nix/store/bwlw77rd0jdaqr4q9iq0y6f46cl80xb5-buf-1.67.0"
        },
        "x86_64-darwin": {
          "outputs": [
            {
              "name": "out",
              "path": "/nix/store/0hg6j060a79g05j6893w8rc84qynrbri-buf-1.67.0",
              "default": true
            }
          ],
          "store_path": "/nix/store/0hg6j060a79g05j6893w8rc84qynrbri-buf-1.67.0"
        },
        "x86_64-linux": {
          "outputs": [
            {
              "name": "out",
              "path": "/nix/store/axjk5mnwgi4l4sblji41q0y0vccbwy7k-buf-1.67.0",
              "default": true
            }
          ],
          "store_path": "/nix/store/axjk5mnwgi4l4sblji41q0y0vccbwy7k-buf-1.67.0"
        }
      }
    },
    "chromium@latest": {
      "last_modified": "2026-04-01T01:09:41Z",
      "resolved": "github:NixOS/nixpkgs/62e3050a29278c985725a86704faa1e99236b51a#chromium",
      "source": "devbox-search",
      "version": "146.0.7680.177",
      "systems": {
        "aarch64-linux": {
          "outputs": [
            {
              "name": "out",
              "path": "/nix/store/avb5f28h1rxwcy3c2xxwx4nllyiv289v-chromium-146.0.7680.177",
              "default": true
            },
            {
              "name": "sandbox",
              "path": "/nix/store/6qzszfnqxvzlwaxhbr5rsd7b340hjras-chromium-146.0.7680.177-sandbox"
            }
          ],
          "store_path": "/nix/store/avb5f28h1rxwcy3c2xxwx4nllyiv289v-chromium-146.0.7680.177"
        },
        "x86_64-linux": {
          "outputs": [
            {
              "name": "out",
              "path": "/nix/store/20ra63h4njcpr9v7vz34vhgrkm8g0icp-chromium-146.0.7680.177",
              "default": true
            },
            {
              "name": "sandbox",
              "path": "/nix/store/16yjnd3w5zwxlx120r0ikysfvv8b8pa7-chromium-146.0.7680.177-sandbox"
            }
          ],
          "store_path": "/nix/store/20ra63h4njcpr9v7vz34vhgrkm8g0icp-chromium-146.0.7680.177"
        }
      }
    },
    "github:NixOS/nixpkgs/nixpkgs-unstable": {
      "last_modified": "2026-04-07T08:05:10Z",
      "resolved": "github:NixOS/nixpkgs/a3db02183b5da6fbf728203492a5d1b9d109b7f9?lastModified=1775549110"
    },
    "go@latest": {
      "last_modified": "2026-03-21T07:29:51Z",
      "resolved": "github:NixOS/nixpkgs/09061f748ee21f68a089cd5d91ec1859cd93d0be#go",
      "source": "devbox-search",
      "version": "1.26.1",
      "systems": {
        "aarch64-darwin": {
          "outputs": [
            {
              "name": "out",
              "path": "/nix/store/kh43nhaz1qcpwws2xq805lrmwpmn9i3k-go-1.26.1",
              "default": true
            }
          ],
          "store_path": "/nix/store/kh43nhaz1qcpwws2xq805lrmwpmn9i3k-go-1.26.1"
        },
        "aarch64-linux": {
          "outputs": [
            {
              "name": "out",
              "path": "/nix/store/rz1pqbm5z3zfby250i0djfmfzzj7khg9-go-1.26.1",
              "default": true
            }
          ],
          "store_path": "/nix/store/rz1pqbm5z3zfby250i0djfmfzzj7khg9-go-1.26.1"
        },
        "x86_64-darwin": {
          "outputs": [
            {
              "name": "out",
              "path": "/nix/store/yv6jj27racylbfjw6a1cdr91ndxbgyf6-go-1.26.1",
              "default": true
            }
          ],
          "store_path": "/nix/store/yv6jj27racylbfjw6a1cdr91ndxbgyf6-go-1.26.1"
        },
        "x86_64-linux": {
          "outputs": [
            {
              "name": "out",
              "path": "/nix/store/ckcq2mj8zk0drhaaacy6mp9d924hnr4m-go-1.26.1",
              "default": true
            }
          ],
          "store_path": "/nix/store/ckcq2mj8zk0drhaaacy6mp9d924hnr4m-go-1.26.1"
        }
      }
    },
    "golangci-lint@2.10.1": {
      "last_modified": "2026-02-23T15:40:43Z",
      "resolved": "github:NixOS/nixpkgs/80d901ec0377e19ac3f7bb8c035201e2e098cc97#golangci-lint",
      "source": "devbox-search",
      "version": "2.10.1",
      "systems": {
        "aarch64-darwin": {
          "outputs": [
            {
              "name": "out",
              "path": "/nix/store/1rrjjclzxlr6f1ivb6l74vq1n1g1lki8-golangci-lint-2.10.1",
              "default": true
            }
          ],
          "store_path": "/nix/store/1rrjjclzxlr6f1ivb6l74vq1n1g1lki8-golangci-lint-2.10.1"
        },
        "aarch64-linux": {
          "outputs": [
            {
              "name": "out",
              "path": "/nix/store/ri4b9yqars42sc3hwwa5w81w91h13lm8-golangci-lint-2.10.1",
              "default": true
            }
          ],
          "store_path": "/nix/store/ri4b9yqars42sc3hwwa5w81w91h13lm8-golangci-lint-2.10.1"
        },
        "x86_64-darwin": {
          "outputs": [
            {
              "name": "out",
              "path": "/nix/store/qvvg1rv8b4m4qyvqh40zc4nfa72vyzlw-golangci-lint-2.10.1",
              "default": true
            }
          ],
          "store_path": "/nix/store/qvvg1rv8b4m4qyvqh40zc4nfa72vyzlw-golangci-lint-2.10.1"
        },
        "x86_64-linux": {
          "outputs": [
            {
              "name": "out",
              "path": "/nix/store/ziv6x93wkd587qji6z0648050g0r9qjn-golangci-lint-2.10.1",
              "default": true
            }
          ],
          "store_path": "/nix/store/ziv6x93wkd587qji6z0648050g0r9qjn-golangci-lint-2.10.1"
        }
      }
    },
    "goreleaser@latest": {
      "last_modified": "2026-03-21T07:29:51Z",
      "resolved": "github:NixOS/nixpkgs/09061f748ee21f68a089cd5d91ec1859cd93d0be#goreleaser",
      "source": "devbox-search",
      "version": "2.14.3",
      "systems": {
        "aarch64-darwin": {
          "outputs": [
            {
              "name": "out",
              "path": "/nix/store/zifnja7z0z49w3qqw5yz39qcv5ckj5zs-goreleaser-2.14.3",
              "default": true
            }
          ],
          "store_path": "/nix/store/zifnja7z0z49w3qqw5yz39qcv5ckj5zs-goreleaser-2.14.3"
        },
        "aarch64-linux": {
          "outputs": [
            {
              "name": "out",
              "path": "/nix/store/8w3517v1plzm959nps4zyilpjg7fpbf2-goreleaser-2.14.3",
              "default": true
            }
          ],
          "store_path": "/nix/store/8w3517v1plzm959nps4zyilpjg7fpbf2-goreleaser-2.14.3"
        },
        "x86_64-darwin": {
          "outputs": [
            {
              "name": "out",
              "path": "/nix/store/rrj3hdmmdw5az9sardl5mn3mrmdia8ls-goreleaser-2.14.3",
              "default": true
            }
          ],
          "store_path": "/nix/store/rrj3hdmmdw5az9sardl5mn3mrmdia8ls-goreleaser-2.14.3"
        },
        "x86_64-linux": {
          "outputs": [
            {
              "name": "out",
              "path": "/nix/store/ayygilbsb7x8f14spjh7hbgq9bg9vcxk-goreleaser-2.14.3",
              "default": true
            }
          ],
          "store_path": "/nix/store/ayygilbsb7x8f14spjh7hbgq9bg9vcxk-goreleaser-2.14.3"
        }
      }
    },
    "just@latest": {
      "last_modified": "2026-03-29T14:22:01Z",
      "resolved": "github:NixOS/nixpkgs/c397ef6af68c018462d786e1b65384abc472a907#just",
      "source": "devbox-search",
      "version": "1.48.1",
      "systems": {
        "aarch64-darwin": {
          "outputs": [
            {
              "name": "out",
              "path": "/nix/store/8nx997pz3x4s7arfkfnh05bxrhxihc7a-just-1.48.1",
              "default": true
            },
            {
              "name": "man",
              "path": "/nix/store/278r202r2x8vmfqazjvrqnwiddf46wv0-just-1.48.1-man",
              "default": true
            },
            {
              "name": "doc",
              "path": "/nix/store/nrmj28rpsyww5nrnmvh5lgv3fb9yy2z2-just-1.48.1-doc"
            }
          ],
          "store_path": "/nix/store/8nx997pz3x4s7arfkfnh05bxrhxihc7a-just-1.48.1"
        },
        "aarch64-linux": {
          "outputs": [
            {
              "name": "out",
              "path": "/nix/store/8bnqysi50wcgj096mc5ihgb30vg4bbrf-just-1.48.1",
              "default": true
            },
            {
              "name": "man",
              "path": "/nix/store/bmri1k5r4pdmkm9hpkzf2hiafhh2f1lj-just-1.48.1-man",
              "default": true
            },
            {
              "name": "doc",
              "path": "/nix/store/sk2qhnjinhdyvw4b3rjsprxdq0g624fp-just-1.48.1-doc"
            }
          ],
          "store_path": "/nix/store/8bnqysi50wcgj096mc5ihgb30vg4bbrf-just-1.48.1"
        },
        "x86_64-darwin": {
          "outputs": [
            {
              "name": "out",
              "path": "/nix/store/5j82p8hwpw17g16hwrzhdpnc03lqq41q-just-1.48.1",
              "default": true
            },
            {
              "name": "man",
              "path": "/nix/store/xjs7lj8l07h8xjawpimbaybbpynpigvp-just-1.48.1-man",
              "default": true
            },
            {
              "name": "doc",
              "path": "/nix/store/gcb85apyfg5dr9dsl7d6bmniasbbjci7-just-1.48.1-doc"
            }
          ],
          "store_path": "/nix/store/5j82p8hwpw17g16hwrzhdpnc03lqq41q-just-1.48.1"
        },
        "x86_64-linux": {
          "outputs": [
            {
              "name": "out",
              "path": "/nix/store/yasj96m1zc22cd9mi6i2wgbznksk0ycj-just-1.48.1",
              "default": true
            },
            {
              "name": "man",
              "path": "/nix/store/rc0db27l2zffmga7n59cgj11lhr5jlkp-just-1.48.1-man",
              "default": true
            },
            {
              "name": "doc",
              "path": "/nix/store/jqgm95ji0j3372ijaq2xa1id01hswarj-just-1.48.1-doc"
            }
          ],
          "store_path": "/nix/store/yasj96m1zc22cd9mi6i2wgbznksk0ycj-just-1.48.1"
        }
      }
    },
    "protoc-gen-connect-go@latest": {
      "last_modified": "2026-03-21T07:29:51Z",
      "resolved": "github:NixOS/nixpkgs/09061f748ee21f68a089cd5d91ec1859cd93d0be#protoc-gen-connect-go",
      "source": "devbox-search",
      "version": "1.19.1",
      "systems": {
        "aarch64-darwin": {
          "outputs": [
            {
              "name": "out",
              "path": "/nix/store/fqi1295sadsrys436s3jndsr4pwwgbi5-protoc-gen-connect-go-1.19.1",
              "default": true
            }
          ],
          "store_path": "/nix/store/fqi1295sadsrys436s3jndsr4pwwgbi5-protoc-gen-connect-go-1.19.1"
        },
        "aarch64-linux": {
          "outputs": [
            {
              "name": "out",
              "path": "/nix/store/ddpgzf56ia169m83n2yvihxx8s24lw93-protoc-gen-connect-go-1.19.1",
              "default": true
            }
          ],
          "store_path": "/nix/store/ddpgzf56ia169m83n2yvihxx8s24lw93-protoc-gen-connect-go-1.19.1"
        },
        "x86_64-darwin": {
          "outputs": [
            {
              "name": "out",
              "path": "/nix/store/rhdnkbwfr79w9ml1xxd0yjhcmvi5mr22-protoc-gen-connect-go-1.19.1",
              "default": true
            }
          ],
          "store_path": "/nix/store/rhdnkbwfr79w9ml1xxd0yjhcmvi5mr22-protoc-gen-connect-go-1.19.1"
        },
        "x86_64-linux": {
          "outputs": [
            {
              "name": "out",
              "path": "/nix/store/p488gqqlpj9b6mncg0b4bdcad19cjc49-protoc-gen-connect-go-1.19.1",
              "default": true
            }
          ],
          "store_path": "/nix/store/p488gqqlpj9b6mncg0b4bdcad19cjc49-protoc-gen-connect-go-1.19.1"
        }
      }
    },
    "protoc-gen-go@latest": {
      "last_modified": "2026-03-21T07:29:51Z",
      "resolved": "github:NixOS/nixpkgs/09061f748ee21f68a089cd5d91ec1859cd93d0be#protoc-gen-go",
      "source": "devbox-search",
      "version": "1.36.11",
      "systems": {
        "aarch64-darwin": {
          "outputs": [
            {
              "name": "out",
              "path": "/nix/store/vy2ix8558l79v0xyclzpjdw9sa6dpn3r-protoc-gen-go-1.36.11",
              "default": true
            }
          ],
          "store_path": "/nix/store/vy2ix8558l79v0xyclzpjdw9sa6dpn3r-protoc-gen-go-1.36.11"
        },
        "aarch64-linux": {
          "outputs": [
            {
              "name": "out",
              "path": "/nix/store/20clw2n6yxn9g6973ajyf7h86a1zr0nr-protoc-gen-go-1.36.11",
              "default": true
            }
          ],
          "store_path": "/nix/store/20clw2n6yxn9g6973ajyf7h86a1zr0nr-protoc-gen-go-1.36.11"
        },
        "x86_64-darwin": {
          "outputs": [
            {
              "name": "out",
              "path": "/nix/store/8xk65ka9mbcgylxqgygwb5x0snk4v4jc-protoc-gen-go-1.36.11",
              "default": true
            }
          ],
          "store_path": "/nix/store/8xk65ka9mbcgylxqgygwb5x0snk4v4jc-protoc-gen-go-1.36.11"
        },
        "x86_64-linux": {
          "outputs": [
            {
              "name": "out",
              "path": "/nix/store/7a584a32sv8cfa84vg04nv2ca6i56c4z-protoc-gen-go-1.36.11",
              "default": true
            }
          ],
          "store_path": "/nix/store/7a584a32sv8cfa84vg04nv2ca6i56c4z-protoc-gen-go-1.36.11"
        }
      }
    }
  }
}
